
Microsoft Visual Studio Solution File, Format Version 12.00
# Visual Studio Version 17
VisualStudioVersion = 17.0.31903.59
MinimumVisualStudioVersion = 10.0.40219.1
Project("{2150E333-8FDC-42A3-9474-1A3956D46DE8}") = "src", "src", "{827E0CD3-B72D-47B6-A68D-7590B98EB39B}"
EndProject
Project("{FAE04EC0-301F-11D3-BF4B-00C04F79EFBC}") = "Chaos.Server", "src\Chaos.Server\Chaos.Server.csproj", "{1552F2B2-28F6-4D5D-A2D0-25BDED2C6DED}"
EndProject
Project("{FAE04EC0-301F-11D3-BF4B-00C04F79EFBC}") = "Chaos.Client", "src\Chaos.Client\Chaos.Client.csproj", "{3C6C95C7-95DE-4B85-A157-6EBE4B4B9D10}"
EndProject
Project("{FAE04EC0-301F-11D3-BF4B-00C04F79EFBC}") = "Chaos.Shared", "src\Chaos.Shared\Chaos.Shared.csproj", "{A1BD1218-B524-41EC-8AC3-B96315BEC150}"
EndProject
Project("{FAE04EC0-301F-11D3-BF4B-00C04F79EFBC}") = "Chaos.Tests", "src\Chaos.Tests\Chaos.Tests.csproj", "{B2CF5F37-F2B8-4E6B-B7E7-1A9651D8843D}"
EndProject
Project("{FAE04EC0-301F-11D3-BF4B-00C04F79EFBC}") = "Chaos.Client.Tests", "src\Chaos.Client.Tests\Chaos.Client.Tests.csproj", "{C4A2D8E6-1F3B-4E7A-9C5D-0B8F2A1E3D6C}"
EndProject
Global
	GlobalSection(SolutionConfigurationPlatforms) = preSolution
		Debug|Any CPU = Debug|Any CPU
		Debug|x64 = Debug|x64
		Debug|x86 = Debug|x86
		Release|Any CPU = Release|Any CPU
		Release|x64 = Release|x64
		Release|x86 = Release|x86
	EndGlobalSection
	GlobalSection(ProjectConfigurationPlatforms) = postSolution
		{1552F2B2-28F6-4D5D-A2D0-25BDED2C6DED}.Debug|Any CPU.ActiveCfg = Debug|Any CPU
		{1552F2B2-28F6-4D5D-A2D0-25BDED2C6DED}.Debug|Any CPU.Build.0 = Debug|Any CPU
		{1552F2B2-28F6-4D5D-A2D0-25BDED2C6DED}.Debug|x64.ActiveCfg = Debug|Any CPU
		{1552F2B2-28F6-4D5D-A2D0-25BDED2C6DED}.Debug|x64.Build.0 = Debug|Any CPU
		{1552F2B2-28F6-4D5D-A2D0-25BDED2C6DED}.Debug|x86.ActiveCfg = Debug|Any CPU
		{1552F2B2-28F6-4D5D-A2D0-25BDED2C6DED}.Debug|x86.Build.0 = Debug|Any CPU
		{1552F2B2-28F6-4D5D-A2D0-25BDED2C6DED}.Release|Any CPU.ActiveCfg = Release|Any CPU
		{1552F2B2-28F6-4D5D-A2D0-25BDED2C6DED}.Release|Any CPU.Build.0 = Release|Any CPU
		{1552F2B2-28F6-4D5D-A2D0-25BDED2C6DED}.Release|x64.ActiveCfg = Release|Any CPU
		{1552F2B2-28F6-4D5D-A2D0-25BDED2C6DED}.Release|x64.Build.0 = Release|Any CPU
		{1552F2B2-28F6-4D5D-A2D0-25BDED2C6DED}.Release|x86.ActiveCfg = Release|Any CPU
		{1552F2B2-28F6-4D5D-A2D0-25BDED2C6DED}.Release|x86.Build.0 = Release|Any CPU
		{3C6C95C7-95DE-4B85-A157-6EBE4B4B9D10}.Debug|Any CPU.ActiveCfg = Debug|Any CPU
		{3C6C95C7-95DE-4B85-A157-6EBE4B4B9D10}.Debug|Any CPU.Build.0 = Debug|Any CPU
		{3C6C95C7-95DE-4B85-A157-6EBE4B4B9D10}.Debug|x64.ActiveCfg = Debug|Any CPU
		{3C6C95C7-95DE-4B85-A157-6EBE4B4B9D10}.Debug|x64.Build.0 = Debug|Any CPU
		{3C6C95C7-95DE-4B85-A157-6EBE4B4B9D10}.Debug|x86.ActiveCfg = Debug|Any CPU
		{3C6C95C7-95DE-4B85-A157-6EBE4B4B9D10}.Debug|x86.Build.0 = Debug|Any CPU
		{3C6C95C7-95DE-4B85-A157-6EBE4B4B9D10}.Release|Any CPU.ActiveCfg = Release|Any CPU
		{3C6C95C7-95DE-4B85-A157-6EBE4B4B9D10}.Release|Any CPU.Build.0 = Release|Any CPU
		{3C6C95C7-95DE-4B85-A157-6EBE4B4B9D10}.Release|x64.ActiveCfg = Release|Any CPU
		{3C6C95C7-95DE-4B85-A157-6EBE4B4B9D10}.Release|x64.Build.0 = Release|Any CPU
		{3C6C95C7-95DE-4B85-A157-6EBE4B4B9D10}.Release|x86.ActiveCfg = Release|Any CPU
		{3C6C95C7-95DE-4B85-A157-6EBE4B4B9D10}.Release|x86.Build.0 = Release|Any CPU
		{A1BD1218-B524-41EC-8AC3-B96315BEC150}.Debug|Any CPU.ActiveCfg = Debug|Any CPU
		{A1BD1218-B524-41EC-8AC3-B96315BEC150}.Debug|Any CPU.Build.0 = Debug|Any CPU
		{A1BD1218-B524-41EC-8AC3-B96315BEC150}.Debug|x64.ActiveCfg = Debug|Any CPU
		{A1BD1218-B524-41EC-8AC3-B96315BEC150}.Debug|x64.Build.0 = Debug|Any CPU
		{A1BD1218-B524-41EC-8AC3-B96315BEC150}.Debug|x86.ActiveCfg = Debug|Any CPU
		{A1BD1218-B524-41EC-8AC3-B96315BEC150}.Debug|x86.Build.0 = Debug|Any CPU
		{A1BD1218-B524-41EC-8AC3-B96315BEC150}.Release|Any CPU.ActiveCfg = Release|Any CPU
		{A1BD1218-B524-41EC-8AC3-B96315BEC150}.Release|Any CPU.Build.0 = Release|Any CPU
		{A1BD1218-B524-41EC-8AC3-B96315BEC150}.Release|x64.ActiveCfg = Release|Any CPU
		{A1BD1218-B524-41EC-8AC3-B96315BEC150}.Release|x64.Build.0 = Release|Any CPU
		{A1BD1218-B524-41EC-8AC3-B96315BEC150}.Release|x86.ActiveCfg = Release|Any CPU
		{A1BD1218-B524-41EC-8AC3-B96315BEC150}.Release|x86.Build.0 = Release|Any CPU
		{B2CF5F37-F2B8-4E6B-B7E7-1A9651D8843D}.Debug|Any CPU.ActiveCfg = Debug|Any CPU
		{B2CF5F37-F2B8-4E6B-B7E7-1A9651D8843D}.Debug|Any CPU.Build.0 = Debug|Any CPU
		{B2CF5F37-F2B8-4E6B-B7E7-1A9651D8843D}.Debug|x64.ActiveCfg = Debug|Any CPU
		{B2CF5F37-F2B8-4E6B-B7E7-1A9651D8843D}.Debug|x64.Build.0 = Debug|Any CPU
		{B2CF5F37-F2B8-4E6B-B7E7-1A9651D8843D}.Debug|x86.ActiveCfg = Debug|Any CPU
		{B2CF5F37-F2B8-4E6B-B7E7-1A9651D8843D}.Debug|x86.Build.0 = Debug|Any CPU
		{B2CF5F37-F2B8-4E6B-B7E7-1A9651D8843D}.Release|Any CPU.ActiveCfg = Release|Any CPU
		{B2CF5F37-F2B8-4E6B-B7E7-1A9651D8843D}.Release|Any CPU.Build.0 = Release|Any CPU
		{B2CF5F37-F2B8-4E6B-B7E7-1A9651D8843D}.Release|x64.ActiveCfg = Release|Any CPU
		{B2CF5F37-F2B8-4E6B-B7E7-1A9651D8843D}.Release|x64.Build.0 = Release|Any CPU
		{B2CF5F37-F2B8-4E6B-B7E7-1A9651D8843D}.Release|x86.ActiveCfg = Release|Any CPU
		{B2CF5F37-F2B8-4E6B-B7E7-1A9651D8843D}.Release|x86.Build.0 = Release|Any CPU
		{C4A2D8E6-1F3B-4E7A-9C5D-0B8F2A1E3D6C}.Debug|Any CPU.ActiveCfg = Debug|Any CPU
		{C4A2D8E6-1F3B-4E7A-9C5D-0B8F2A1E3D6C}.Debug|Any CPU.Build.0 = Debug|Any CPU
		{C4A2D8E6-1F3B-4E7A-9C5D-0B8F2A1E3D6C}.Debug|x64.ActiveCfg = Debug|Any CPU
		{C4A2D8E6-1F3B-4E7A-9C5D-0B8F2A1E3D6C}.Debug|x64.Build.0 = Debug|Any CPU
		{C4A2D8E6-1F3B-4E7A-9C5D-0B8F2A1E3D6C}.Debug|x86.ActiveCfg = Debug|Any CPU
		{C4A2D8E6-1F3B-4E7A-9C5D-0B8F2A1E3D6C}.Debug|x86.Build.0 = Debug|Any CPU
		{C4A2D8E6-1F3B-4E7A-9C5D-0B8F2A1E3D6C}.Release|Any CPU.ActiveCfg = Release|Any CPU
		{C4A2D8E6-1F3B-4E7A-9C5D-0B8F2A1E3D6C}.Release|Any CPU.Build.0 = Release|Any CPU
		{C4A2D8E6-1F3B-4E7A-9C5D-0B8F2A1E3D6C}.Release|x64.ActiveCfg = Release|Any CPU
		{C4A2D8E6-1F3B-4E7A-9C5D-0B8F2A1E3D6C}.Release|x64.Build.0 = Release|Any CPU
		{C4A2D8E6-1F3B-4E7A-9C5D-0B8F2A1E3D6C}.Release|x86.ActiveCfg = Release|Any CPU
		{C4A2D8E6-1F3B-4E7A-9C5D-0B8F2A1E3D6C}.Release|x86.Build.0 = Release|Any CPU
	EndGlobalSection
	GlobalSection(SolutionProperties) = preSolution
		HideSolutionNode = FALSE
	EndGlobalSection
	GlobalSection(NestedProjects) = preSolution
		{1552F2B2-28F6-4D5D-A2D0-25BDED2C6DED} = {827E0CD3-B72D-47B6-A68D-7590B98EB39B}
		{3C6C95C7-95DE-4B85-A157-6EBE4B4B9D10} = {827E0CD3-B72D-47B6-A68D-7590B98EB39B}
		{A1BD1218-B524-41EC-8AC3-B96315BEC150} = {827E0CD3-B72D-47B6-A68D-7590B98EB39B}
		{B2CF5F37-F2B8-4E6B-B7E7-1A9651D8843D} = {827E0CD3-B72D-47B6-A68D-7590B98EB39B}
		{C4A2D8E6-1F3B-4E7A-9C5D-0B8F2A1E3D6C} = {827E0CD3-B72D-47B6-A68D-7590B98EB39B}
	EndGlobalSection
EndGlobal
